<?xml version="1.0" encoding="utf-8"?>
<Project ToolsVersion="4.0" xmlns="http://schemas.microsoft.com/developer/msbuild/2003">
  <ItemGroup>
    <Filter Include="Resource Files">
      <UniqueIdentifier>{D9D6E242-F8AF-46E4-B9FD-80ECBC20BA3E}</UniqueIdentifier>
      <Extensions>qrc;*</Extensions>
      <ParseFiles>false</ParseFiles>
    </Filter>
    <Filter Include="Form Files">
      <UniqueIdentifier>{99349809-55BA-4b9d-BF79-8FDBB0286EB3}</UniqueIdentifier>
      <Extensions>ui</Extensions>
    </Filter>
    <Filter Include="Resource Files">
      <UniqueIdentifier>{D9D6E242-F8AF-46E4-B9FD-80ECBC20BA3E}</UniqueIdentifier>
      <Extensions>qrc;*</Extensions>
      <ParseFiles>false</ParseFiles>
    </Filter>
    <Filter Include="Generated Files">
      <UniqueIdentifier>{71ED8ED8-ACB9-4CE9-BBE1-E00B30144E11}</UniqueIdentifier>
      <Extensions>moc;h;cpp</Extensions>
      <SourceControlFiles>False</SourceControlFiles>
    </Filter>
    <Filter Include="Generated Files\Debug">
      <UniqueIdentifier>{8bd6f0ad-fab2-4945-8fed-20bbc5446630}</UniqueIdentifier>
      <Extensions>cpp;moc</Extensions>
      <SourceControlFiles>False</SourceControlFiles>
    </Filter>
    <Filter Include="Generated Files\Release">
      <UniqueIdentifier>{fb928190-c3ed-4f5c-b3e3-4f4b9feeedfe}</UniqueIdentifier>
      <Extensions>cpp;moc</Extensions>
      <SourceControlFiles>False</SourceControlFiles>
    </Filter>
    <Filter Include="Src">
      <UniqueIdentifier>{4FC737F1-C7A5-4376-A066-2A32D752A2FF}</UniqueIdentifier>
      <Extensions>cpp;c;cc;cxx;def;odl;idl;hpj;bat;asm;asmx</Extensions>
    </Filter>
    <Filter Include="model">
      <UniqueIdentifier>{5a34f3c2-05d9-48a8-a041-2ef64e23c5d7}</UniqueIdentifier>
    </Filter>
  </ItemGroup>
  <ItemGroup>
    <ClCompile Include="main.cpp">
      <Filter>Src</Filter>
    </ClCompile>
    <ClCompile Include="BootManager.cpp">
      <Filter>Src</Filter>
    </ClCompile>
    <ClCompile Include="GeneratedFiles\Debug\moc_BootManager.cpp">
      <Filter>Generated Files\Debug</Filter>
    </ClCompile>
    <ClCompile Include="GeneratedFiles\Release\moc_BootManager.cpp">
      <Filter>Generated Files\Release</Filter>
    </ClCompile>
    <ClCompile Include="systemlog.cpp">
      <Filter>model</Filter>
    </ClCompile>
    <ClCompile Include="GeneratedFiles\Debug\moc_roadscreen.cpp">
      <Filter>Generated Files\Debug</Filter>
    </ClCompile>
    <ClCompile Include="GeneratedFiles\Release\moc_roadscreen.cpp">
      <Filter>Generated Files\Release</Filter>
    </ClCompile>
    <ClCompile Include="roadscreen.cpp">
      <Filter>model</Filter>
    </ClCompile>
    <ClCompile Include="GeneratedFiles\Debug\moc_showscreen.cpp">
      <Filter>Generated Files\Debug</Filter>
    </ClCompile>
    <ClCompile Include="GeneratedFiles\Release\moc_showscreen.cpp">
      <Filter>Generated Files\Release</Filter>
    </ClCompile>
    <ClCompile Include="showscreen.cpp">
      <Filter>model</Filter>
    </ClCompile>
    <ClCompile Include="CamControl.cpp">
      <Filter>model</Filter>
    </ClCompile>
    <ClCompile Include="GeneratedFiles\Debug\moc_controlthread.cpp">
      <Filter>Generated Files\Debug</Filter>
    </ClCompile>
    <ClCompile Include="GeneratedFiles\Release\moc_controlthread.cpp">
      <Filter>Generated Files\Release</Filter>
    </ClCompile>
    <ClCompile Include="controlthread.cpp">
      <Filter>model</Filter>
    </ClCompile>
    <ClCompile Include="GeneratedFiles\Debug\moc_controlPage.cpp">
      <Filter>Generated Files\Debug</Filter>
    </ClCompile>
    <ClCompile Include="GeneratedFiles\Release\moc_controlPage.cpp">
      <Filter>Generated Files\Release</Filter>
    </ClCompile>
    <ClCompile Include="controlPage.cpp">
      <Filter>model</Filter>
    </ClCompile>
    <ClCompile Include="rootviewer.cpp">
      <Filter>model</Filter>
    </ClCompile>
    <ClCompile Include="GeneratedFiles\Debug\moc_configPage.cpp">
      <Filter>Generated Files\Debug</Filter>
    </ClCompile>
    <ClCompile Include="GeneratedFiles\Release\moc_configPage.cpp">
      <Filter>Generated Files\Release</Filter>
    </ClCompile>
    <ClCompile Include="configPage.cpp">
      <Filter>model</Filter>
    </ClCompile>
    <ClCompile Include="GeneratedFiles\Debug\moc_radarPage.cpp">
      <Filter>Generated Files\Debug</Filter>
    </ClCompile>
    <ClCompile Include="GeneratedFiles\Release\moc_radarPage.cpp">
      <Filter>Generated Files\Release</Filter>
    </ClCompile>
    <ClCompile Include="radarPage.cpp">
      <Filter>model</Filter>
    </ClCompile>
    <ClCompile Include="GeneratedFiles\Debug\moc_aboutPage.cpp">
      <Filter>Generated Files\Debug</Filter>
    </ClCompile>
    <ClCompile Include="GeneratedFiles\Release\moc_aboutPage.cpp">
      <Filter>Generated Files\Release</Filter>
    </ClCompile>
    <ClCompile Include="aboutPage.cpp">
      <Filter>model</Filter>
    </ClCompile>
    <ClCompile Include="VehControl.cpp">
      <Filter>model</Filter>
    </ClCompile>
    <ClCompile Include="GeneratedFiles\Debug\moc_proControl.cpp">
      <Filter>Generated Files\Debug</Filter>
    </ClCompile>
    <ClCompile Include="GeneratedFiles\Release\moc_proControl.cpp">
      <Filter>Generated Files\Release</Filter>
    </ClCompile>
    <ClCompile Include="proControl.cpp">
      <Filter>model</Filter>
    </ClCompile>
    <ClCompile Include="MyApplication.cpp">
      <Filter>model</Filter>
    </ClCompile>
    <ClCompile Include="GeneratedFiles\Debug\moc_MyApplication.cpp">
      <Filter>Generated Files\Debug</Filter>
    </ClCompile>
    <ClCompile Include="GeneratedFiles\Release\moc_MyApplication.cpp">
      <Filter>Generated Files\Release</Filter>
    </ClCompile>
    <ClCompile Include="GeneratedFiles\qrc_res.cpp">
      <Filter>Generated Files</Filter>
    </ClCompile>
  </ItemGroup>
  <ItemGroup>
    <CustomBuild Include="BootManager.ui">
      <Filter>Form Files</Filter>
    </CustomBuild>
    <CustomBuild Include="BootManager.h">
      <Filter>Src</Filter>
    </CustomBuild>
    <CustomBuild Include="roadscreen.h">
      <Filter>model</Filter>
    </CustomBuild>
    <CustomBuild Include="showscreen.h">
      <Filter>model</Filter>
    </CustomBuild>
    <CustomBuild Include="controlthread.h">
      <Filter>model</Filter>
    </CustomBuild>
    <CustomBuild Include="controlPage.h">
      <Filter>model</Filter>
    </CustomBuild>
    <CustomBuild Include="controlpage.ui">
      <Filter>Form Files</Filter>
    </CustomBuild>
    <CustomBuild Include="configPage.ui">
      <Filter>Form Files</Filter>
    </CustomBuild>
    <CustomBuild Include="configPage.h">
      <Filter>model</Filter>
    </CustomBuild>
    <CustomBuild Include="GeneratedFiles\ui_BootManager.h">
      <Filter>Generated Files</Filter>
    </CustomBuild>
    <CustomBuild Include="image\car.png">
      <Filter>Resource Files</Filter>
    </CustomBuild>
    <CustomBuild Include="resource.h">
      <Filter>Generated Files</Filter>
    </CustomBuild>
    <CustomBuild Include="image\resource.h">
      <Filter>Resource Files</Filter>
    </CustomBuild>
    <CustomBuild Include="image\icon_control.png">
      <Filter>Resource Files</Filter>
    </CustomBuild>
    <CustomBuild Include="image\icon_query.png">
      <Filter>Resource Files</Filter>
    </CustomBuild>
    <CustomBuild Include="image\icon_update.png">
      <Filter>Resource Files</Filter>
    </CustomBuild>
    <CustomBuild Include="systemlog.h">
      <Filter>model</Filter>
    </CustomBuild>
    <CustomBuild Include="CamControl.h">
      <Filter>model</Filter>
    </CustomBuild>
    <CustomBuild Include="GeneratedFiles\ui_controlpage.h">
      <Filter>Generated Files</Filter>
    </CustomBuild>
    <CustomBuild Include="rootviewer.h">
      <Filter>model</Filter>
    </CustomBuild>
    <CustomBuild Include="GeneratedFiles\ui_configPage.h">
      <Filter>Generated Files</Filter>
    </CustomBuild>
    <CustomBuild Include="radarPage.h">
      <Filter>model</Filter>
    </CustomBuild>
    <CustomBuild Include="aboutPage.ui">
      <Filter>Form Files</Filter>
    </CustomBuild>
    <CustomBuild Include="aboutPage.h">
      <Filter>model</Filter>
    </CustomBuild>
    <CustomBuild Include="proControl.h">
      <Filter>model</Filter>
    </CustomBuild>
    <CustomBuild Include="MyApplication.h">
      <Filter>model</Filter>
    </CustomBuild>
    <CustomBuild Include="image\res.qrc">
      <Filter>Resource Files</Filter>
    </CustomBuild>
  </ItemGroup>
  <ItemGroup>
    <ResourceCompile Include="image\BootManager.rc">
      <Filter>Resource Files</Filter>
    </ResourceCompile>
  </ItemGroup>
  <ItemGroup>
    <ClInclude Include="GeneratedFiles\ui_aboutPage.h">
      <Filter>Generated Files</Filter>
    </ClInclude>
    <ClInclude Include="VehControl.h">
      <Filter>model</Filter>
    </ClInclude>
  </ItemGroup>
</Project>