<?xml version="1.0" encoding="utf-8"?>
<Project ToolsVersion="4.0" xmlns="http://schemas.microsoft.com/developer/msbuild/2003">
  <ItemGroup>
    <Filter Include="Resource Files">
      <UniqueIdentifier>{D9D6E242-F8AF-46E4-B9FD-80ECBC20BA3E}</UniqueIdentifier>
      <Extensions>qrc;*</Extensions>
      <ParseFiles>false</ParseFiles>
    </Filter>
    <Filter Include="Form Files">
      <UniqueIdentifier>{99349809-55BA-4b9d-BF79-8FDBB0286EB3}</UniqueIdentifier>
      <Extensions>ui</Extensions>
    </Filter>
    <Filter Include="Resource Files">
      <UniqueIdentifier>{D9D6E242-F8AF-46E4-B9FD-80ECBC20BA3E}</UniqueIdentifier>
      <Extensions>qrc;*</Extensions>
      <ParseFiles>false</ParseFiles>
    </Filter>
    <Filter Include="Generated Files">
      <UniqueIdentifier>{71ED8ED8-ACB9-4CE9-BBE1-E00B30144E11}</UniqueIdentifier>
      <Extensions>moc;h;cpp</Extensions>
      <SourceControlFiles>False</SourceControlFiles>
    </Filter>
    <Filter Include="Generated Files\Debug">
      <UniqueIdentifier>{979594ae-cc21-4ebb-88c4-42e4b83113ba}</UniqueIdentifier>
      <Extensions>cpp;moc</Extensions>
      <SourceControlFiles>False</SourceControlFiles>
    </Filter>
    <Filter Include="Generated Files\Release">
      <UniqueIdentifier>{f535b5fb-a995-4869-ae04-a51cb18af534}</UniqueIdentifier>
      <Extensions>cpp;moc</Extensions>
      <SourceControlFiles>False</SourceControlFiles>
    </Filter>
    <Filter Include="model">
      <UniqueIdentifier>{0a5b2551-b0b7-4c5c-9882-e05197c40c13}</UniqueIdentifier>
    </Filter>
    <Filter Include="Src">
      <UniqueIdentifier>{4FC737F1-C7A5-4376-A066-2A32D752A2FF}</UniqueIdentifier>
      <Extensions>cpp;c;cc;cxx;def;odl;idl;hpj;bat;asm;asmx</Extensions>
    </Filter>
  </ItemGroup>
  <ItemGroup>
    <ClCompile Include="main.cpp">
      <Filter>Src</Filter>
    </ClCompile>
    <ClCompile Include="AutonomousDriving.cpp">
      <Filter>Src</Filter>
    </ClCompile>
    <ClCompile Include="GeneratedFiles\Debug\moc_AutonomousDriving.cpp">
      <Filter>Generated Files\Debug</Filter>
    </ClCompile>
    <ClCompile Include="GeneratedFiles\Release\moc_AutonomousDriving.cpp">
      <Filter>Generated Files\Release</Filter>
    </ClCompile>
    <ClCompile Include="GeneratedFiles\qrc_AutonomousDriving.cpp">
      <Filter>Generated Files</Filter>
    </ClCompile>
    <ClCompile Include="GeneratedFiles\Debug\moc_mainwindow.cpp">
      <Filter>Generated Files\Debug</Filter>
    </ClCompile>
    <ClCompile Include="GeneratedFiles\Release\moc_mainwindow.cpp">
      <Filter>Generated Files\Release</Filter>
    </ClCompile>
    <ClCompile Include="SerialPortWin32.cpp">
      <Filter>model</Filter>
    </ClCompile>
    <ClCompile Include="CmdLineInterpret.cpp">
      <Filter>model</Filter>
    </ClCompile>
    <ClCompile Include="gpscontroler.cpp">
      <Filter>model</Filter>
    </ClCompile>
    <ClCompile Include="commontools.cpp">
      <Filter>model</Filter>
    </ClCompile>
    <ClCompile Include="GeneratedFiles\Debug\moc_showcaminfo.cpp">
      <Filter>Generated Files\Debug</Filter>
    </ClCompile>
    <ClCompile Include="GeneratedFiles\Release\moc_showcaminfo.cpp">
      <Filter>Generated Files\Release</Filter>
    </ClCompile>
    <ClCompile Include="showcaminfo.cpp">
      <Filter>model</Filter>
    </ClCompile>
    <ClCompile Include="gpswidget.cpp">
      <Filter>Src</Filter>
    </ClCompile>
    <ClCompile Include="GeneratedFiles\Debug\moc_gpswidget.cpp">
      <Filter>Generated Files\Debug</Filter>
    </ClCompile>
    <ClCompile Include="GeneratedFiles\Release\moc_gpswidget.cpp">
      <Filter>Generated Files\Release</Filter>
    </ClCompile>
    <ClCompile Include="GeneratedFiles\Debug\moc_canwidget.cpp">
      <Filter>Generated Files\Debug</Filter>
    </ClCompile>
    <ClCompile Include="GeneratedFiles\Release\moc_canwidget.cpp">
      <Filter>Generated Files\Release</Filter>
    </ClCompile>
    <ClCompile Include="canwidget.cpp">
      <Filter>Src</Filter>
    </ClCompile>
    <ClCompile Include="mainwindow.cpp">
      <Filter>Src</Filter>
    </ClCompile>
  </ItemGroup>
  <ItemGroup>
    <CustomBuild Include="AutonomousDriving.ui">
      <Filter>Form Files</Filter>
    </CustomBuild>
    <CustomBuild Include="AutonomousDriving.qrc">
      <Filter>Resource Files</Filter>
    </CustomBuild>
    <CustomBuild Include="showcaminfo.h">
      <Filter>model</Filter>
    </CustomBuild>
    <CustomBuild Include="gpswidget.ui">
      <Filter>Form Files</Filter>
    </CustomBuild>
    <CustomBuild Include="canwidget.ui">
      <Filter>Form Files</Filter>
    </CustomBuild>
    <CustomBuild Include="AutonomousDriving.h">
      <Filter>Src</Filter>
    </CustomBuild>
    <CustomBuild Include="canwidget.h">
      <Filter>Src</Filter>
    </CustomBuild>
    <CustomBuild Include="gpswidget.h">
      <Filter>Src</Filter>
    </CustomBuild>
    <CustomBuild Include="mainwindow.h">
      <Filter>Src</Filter>
    </CustomBuild>
  </ItemGroup>
  <ItemGroup>
    <ClInclude Include="GeneratedFiles\ui_AutonomousDriving.h">
      <Filter>Generated Files</Filter>
    </ClInclude>
    <ClInclude Include="commondebug.h">
      <Filter>model</Filter>
    </ClInclude>
    <ClInclude Include="SerialPortWin32.h">
      <Filter>model</Filter>
    </ClInclude>
    <ClInclude Include="CmdLineInterpret.h">
      <Filter>model</Filter>
    </ClInclude>
    <ClInclude Include="gpscontroler.h">
      <Filter>model</Filter>
    </ClInclude>
    <ClInclude Include="commontools.h">
      <Filter>model</Filter>
    </ClInclude>
    <ClInclude Include="GeneratedFiles\ui_gpswidget.h">
      <Filter>Generated Files</Filter>
    </ClInclude>
    <ClInclude Include="GeneratedFiles\ui_canwidget.h">
      <Filter>Generated Files</Filter>
    </ClInclude>
    <ClInclude Include="image\resource.h">
      <Filter>Resource Files</Filter>
    </ClInclude>
  </ItemGroup>
  <ItemGroup>
    <ResourceCompile Include="image\AutonomousDriving.rc">
      <Filter>Resource Files</Filter>
    </ResourceCompile>
  </ItemGroup>
  <ItemGroup>
    <Image Include="BAOMA.ico">
      <Filter>Resource Files</Filter>
    </Image>
  </ItemGroup>
</Project>